{
  "name": "LDtk",
  "lockfileVersion": 2,
  "requires": true,
  "packages": {
    "": {
      "dependencies": {
        "ldtk": "^0.8.7"
      }
    },
    "node_modules/ldtk": {
      "version": "0.8.7",
      "resolved": "https://registry.npmjs.org/ldtk/-/ldtk-0.8.7.tgz",
      "integrity": "sha512-KSCLiA6ex2AYXrYNX+PBqDf3eCcWdCc+64OstFysQQhmIRa4RmF6ZEhh3vi+0KXFc4HzPjZQNaVKqkOFHfv6Xw=="
    }
  },
  "dependencies": {
    "ldtk": {
      "version": "0.8.7",
      "resolved": "https://registry.npmjs.org/ldtk/-/ldtk-0.8.7.tgz",
      "integrity": "sha512-KSCLiA6ex2AYXrYNX+PBqDf3eCcWdCc+64OstFysQQhmIRa4RmF6ZEhh3vi+0KXFc4HzPjZQNaVKqkOFHfv6Xw=="
    }
  }
}
